// !$*UTF8*$!
{
	archiveVersion = 1;
	classes = {
	};
	objectVersion = 50;
	objects = {

/* Begin PBXBuildFile section */
		AF29763D270FAE48001BF681 /* AppDelegate.swift in Sources */ = {isa = PBXBuildFile; fileRef = AF29763C270FAE48001BF681 /* AppDelegate.swift */; };
		AF29763F270FAE48001BF681 /* SceneDelegate.swift in Sources */ = {isa = PBXBuildFile; fileRef = AF29763E270FAE48001BF681 /* SceneDelegate.swift */; };
		AF297641270FAE48001BF681 /* MemeEditorViewController.swift in Sources */ = {isa = PBXBuildFile; fileRef = AF297640270FAE48001BF681 /* MemeEditorViewController.swift */; };
		AF297644270FAE48001BF681 /* Main.storyboard in Resources */ = {isa = PBXBuildFile; fileRef = AF297642270FAE48001BF681 /* Main.storyboard */; };
		AF297646270FAE53001BF681 /* Assets.xcassets in Resources */ = {isa = PBXBuildFile; fileRef = AF297645270FAE53001BF681 /* Assets.xcassets */; };
		AF297649270FAE53001BF681 /* LaunchScreen.storyboard in Resources */ = {isa = PBXBuildFile; fileRef = AF297647270FAE53001BF681 /* LaunchScreen.storyboard */; };
		AF29765327138FA5001BF681 /* Meme.swift in Sources */ = {isa = PBXBuildFile; fileRef = AF29765227138FA5001BF681 /* Meme.swift */; };
		AF29765B27139172001BF681 /* MemeCollectionViewCell.swift in Sources */ = {isa = PBXBuildFile; fileRef = AF29765A27139172001BF681 /* MemeCollectionViewCell.swift */; };
		AF29765D271391DB001BF681 /* MemeTableViewController.swift in Sources */ = {isa = PBXBuildFile; fileRef = AF29765C271391DB001BF681 /* MemeTableViewController.swift */; };
		AF29765F271392BD001BF681 /* MemeCollectionViewController.swift in Sources */ = {isa = PBXBuildFile; fileRef = AF29765E271392BD001BF681 /* MemeCollectionViewController.swift */; };
		AF861AAD27D4DA5A00458B4B /* MemeDetail.swift in Sources */ = {isa = PBXBuildFile; fileRef = AF861AAC27D4DA5A00458B4B /* MemeDetail.swift */; };
/* End PBXBuildFile section */

/* Begin PBXFileReference section */
		AF297639270FAE48001BF681 /* MemeMe2.app */ = {isa = PBXFileReference; explicitFileType = wrapper.application; includeInIndex = 0; path = MemeMe2.app; sourceTree = BUILT_PRODUCTS_DIR; };
		AF29763C270FAE48001BF681 /* AppDelegate.swift */ = {isa = PBXFileReference; lastKnownFileType = sourcecode.swift; path = AppDelegate.swift; sourceTree = "<group>"; };
		AF29763E270FAE48001BF681 /* SceneDelegate.swift */ = {isa = PBXFileReference; lastKnownFileType = sourcecode.swift; path = SceneDelegate.swift; sourceTree = "<group>"; };
		AF297640270FAE48001BF681 /* MemeEditorViewController.swift */ = {isa = PBXFileReference; lastKnownFileType = sourcecode.swift; path = MemeEditorViewController.swift; sourceTree = "<group>"; };
		AF297643270FAE48001BF681 /* Base */ = {isa = PBXFileReference; lastKnownFileType = file.storyboard; name = Base; path = Base.lproj/Main.storyboard; sourceTree = "<group>"; };
		AF297645270FAE53001BF681 /* Assets.xcassets */ = {isa = PBXFileReference; lastKnownFileType = folder.assetcatalog; path = Assets.xcassets; sourceTree = "<group>"; };
		AF297648270FAE53001BF681 /* Base */ = {isa = PBXFileReference; lastKnownFileType = file.storyboard; name = Base; path = Base.lproj/LaunchScreen.storyboard; sourceTree = "<group>"; };
		AF29764A270FAE53001BF681 /* Info.plist */ = {isa = PBXFileReference; lastKnownFileType = text.plist.xml; path = Info.plist; sourceTree = "<group>"; };
		AF29765227138FA5001BF681 /* Meme.swift */ = {isa = PBXFileReference; lastKnownFileType = sourcecode.swift; path = Meme.swift; sourceTree = "<group>"; };
		AF29765A27139172001BF681 /* MemeCollectionViewCell.swift */ = {isa = PBXFileReference; lastKnownFileType = sourcecode.swift; path = MemeCollectionViewCell.swift; sourceTree = "<group>"; };
		AF29765C271391DB001BF681 /* MemeTableViewController.swift */ = {isa = PBXFileReference; lastKnownFileType = sourcecode.swift; path = MemeTableViewController.swift; sourceTree = "<group>"; };
		AF29765E271392BD001BF681 /* MemeCollectionViewController.swift */ = {isa = PBXFileReference; lastKnownFileType = sourcecode.swift; path = MemeCollectionViewController.swift; sourceTree = "<group>"; };
		AF861AAC27D4DA5A00458B4B /* MemeDetail.swift */ = {isa = PBXFileReference; lastKnownFileType = sourcecode.swift; path = MemeDetail.swift; sourceTree = "<group>"; };
/* End PBXFileReference section */

/* Begin PBXFrameworksBuildPhase section */
		AF297636270FAE48001BF681 /* Frameworks */ = {
			isa = PBXFrameworksBuildPhase;
			buildActionMask = 2147483647;
			files = (
			);
			runOnlyForDeploymentPostprocessing = 0;
		};
/* End PBXFrameworksBuildPhase section */

/* Begin PBXGroup section */
		AF297630270FAE48001BF681 = {
			isa = PBXGroup;
			children = (
				AF29763B270FAE48001BF681 /* MemeMe2 */,
				AF29763A270FAE48001BF681 /* Products */,
			);
			sourceTree = "<group>";
		};
		AF29763A270FAE48001BF681 /* Products */ = {
			isa = PBXGroup;
			children = (
				AF297639270FAE48001BF681 /* MemeMe2.app */,
			);
			name = Products;
			sourceTree = "<group>";
		};
		AF29763B270FAE48001BF681 /* MemeMe2 */ = {
			isa = PBXGroup;
			children = (
				AF29763C270FAE48001BF681 /* AppDelegate.swift */,
				AF29763E270FAE48001BF681 /* SceneDelegate.swift */,
				AF297640270FAE48001BF681 /* MemeEditorViewController.swift */,
				AF861AAC27D4DA5A00458B4B /* MemeDetail.swift */,
				AF29765227138FA5001BF681 /* Meme.swift */,
				AF29765A27139172001BF681 /* MemeCollectionViewCell.swift */,
				AF29765C271391DB001BF681 /* MemeTableViewController.swift */,
				AF29765E271392BD001BF681 /* MemeCollectionViewController.swift */,
				AF297642270FAE48001BF681 /* Main.storyboard */,
				AF297645270FAE53001BF681 /* Assets.xcassets */,
				AF297647270FAE53001BF681 /* LaunchScreen.storyboard */,
				AF29764A270FAE53001BF681 /* Info.plist */,
			);
			path = MemeMe2;
			sourceTree = "<group>";
		};
/* End PBXGroup section */

/* Begin PBXNativeTarget section */
		AF297638270FAE48001BF681 /* MemeMe2 */ = {
			isa = PBXNativeTarget;
			buildConfigurationList = AF29764D270FAE53001BF681 /* Build configuration list for PBXNativeTarget "MemeMe2" */;
			buildPhases = (
				AF297635270FAE48001BF681 /* Sources */,
				AF297636270FAE48001BF681 /* Frameworks */,
				AF297637270FAE48001BF681 /* Resources */,
			);
			buildRules = (
			);
			dependencies = (
			);
			name = MemeMe2;
			productName = MemeMe2;
			productReference = AF297639270FAE48001BF681 /* MemeMe2.app */;
			productType = "com.apple.product-type.application";
		};
/* End PBXNativeTarget section */

/* Begin PBXProject section */
		AF297631270FAE48001BF681 /* Project object */ = {
			isa = PBXProject;
			attributes = {
				LastSwiftUpdateCheck = 1250;
				LastUpgradeCheck = 1250;
				TargetAttributes = {
					AF297638270FAE48001BF681 = {
						CreatedOnToolsVersion = 12.5;
					};
				};
			};
			buildConfigurationList = AF297634270FAE48001BF681 /* Build configuration list for PBXProject "MemeMe2" */;
			compatibilityVersion = "Xcode 9.3";
			developmentRegion = en;
			hasScannedForEncodings = 0;
			knownRegions = (
				en,
				Base,
			);
			mainGroup = AF297630270FAE48001BF681;
			productRefGroup = AF29763A270FAE48001BF681 /* Products */;
			projectDirPath = "";
			projectRoot = "";
			targets = (
				AF297638270FAE48001BF681 /* MemeMe2 */,
			);
		};
/* End PBXProject section */

/* Begin PBXResourcesBuildPhase section */
		AF297637270FAE48001BF681 /* Resources */ = {
			isa = PBXResourcesBuildPhase;
			buildActionMask = 2147483647;
			files = (
				AF297649270FAE53001BF681 /* LaunchScreen.storyboard in Resources */,
				AF297646270FAE53001BF681 /* Assets.xcassets in Resources */,
				AF297644270FAE48001BF681 /* Main.storyboard in Resources */,
			);
			runOnlyForDeploymentPostprocessing = 0;
		};
/* End PBXResourcesBuildPhase section */

/* Begin PBXSourcesBuildPhase section */
		AF297635270FAE48001BF681 /* Sources */ = {
			isa = PBXSourcesBuildPhase;
			buildActionMask = 2147483647;
			files = (
				AF29765B27139172001BF681 /* MemeCollectionViewCell.swift in Sources */,
				AF297641270FAE48001BF681 /* MemeEditorViewController.swift in Sources */,
				AF861AAD27D4DA5A00458B4B /* MemeDetail.swift in Sources */,
				AF29763D270FAE48001BF681 /* AppDelegate.swift in Sources */,
				AF29765327138FA5001BF681 /* Meme.swift in Sources */,
				AF29765F271392BD001BF681 /* MemeCollectionViewController.swift in Sources */,
				AF29763F270FAE48001BF681 /* SceneDelegate.swift in Sources */,
				AF29765D271391DB001BF681 /* MemeTableViewController.swift in Sources */,
			);
			runOnlyForDeploymentPostprocessing = 0;
		};
/* End PBXSourcesBuildPhase section */

/* Begin PBXVariantGroup section */
		AF297642270FAE48001BF681 /* Main.storyboard */ = {
			isa = PBXVariantGroup;
			children = (
				AF297643270FAE48001BF681 /* Base */,
			);
			name = Main.storyboard;
			sourceTree = "<group>";
		};
		AF297647270FAE53001BF681 /* LaunchScreen.storyboard */ = {
			isa = PBXVariantGroup;
			children = (
				AF297648270FAE53001BF681 /* Base */,
			);
			name = LaunchScreen.storyboard;
			sourceTree = "<group>";
		};
/* End PBXVariantGroup section */

/* Begin XCBuildConfiguration section */
		AF29764B270FAE53001BF681 /* Debug */ = {
			isa = XCBuildConfiguration;
			buildSettings = {
				ALWAYS_SEARCH_USER_PATHS = NO;
				CLANG_ANALYZER_NONNULL = YES;
				CLANG_ANALYZER_NUMBER_OBJECT_CONVERSION = YES_AGGRESSIVE;
				CLANG_CXX_LANGUAGE_STANDARD = "gnu++14";
				CLANG_CXX_LIBRARY = "libc++";
				CLANG_ENABLE_MODULES = YES;
				CLANG_ENABLE_OBJC_ARC = YES;
				CLANG_ENABLE_OBJC_WEAK = YES;
				CLANG_WARN_BLOCK_CAPTURE_AUTORELEASING = YES;
				CLANG_WARN_BOOL_CONVERSION = YES;
				CLANG_WARN_COMMA = YES;
				CLANG_WARN_CONSTANT_CONVERSION = YES;
				CLANG_WARN_DEPRECATED_OBJC_IMPLEMENTATIONS = YES;
				CLANG_WARN_DIRECT_OBJC_ISA_USAGE = YES_ERROR;
				CLANG_WARN_DOCUMENTATION_COMMENTS = YES;
				CLANG_WARN_EMPTY_BODY = YES;
				CLANG_WARN_ENUM_CONVERSION = YES;
				CLANG_WARN_INFINITE_RECURSION = YES;
				CLANG_WARN_INT_CONVERSION = YES;
				CLANG_WARN_NON_LITERAL_NULL_CONVERSION = YES;
				CLANG_WARN_OBJC_IMPLICIT_RETAIN_SELF = YES;
				CLANG_WARN_OBJC_LITERAL_CONVERSION = YES;
				CLANG_WARN_OBJC_ROOT_CLASS = YES_ERROR;
				CLANG_WARN_QUOTED_INCLUDE_IN_FRAMEWORK_HEADER = YES;
				CLANG_WARN_RANGE_LOOP_ANALYSIS = YES;
				CLANG_WARN_STRICT_PROTOTYPES = YES;
				CLANG_WARN_SUSPICIOUS_MOVE = YES;
				CLANG_WARN_UNGUARDED_AVAILABILITY = YES_AGGRESSIVE;
				CLANG_WARN_UNREACHABLE_CODE = YES;
				CLANG_WARN__DUPLICATE_METHOD_MATCH = YES;
				COPY_PHASE_STRIP = NO;
				DEBUG_INFORMATION_FORMAT = dwarf;
				ENABLE_STRICT_OBJC_MSGSEND = YES;
				ENABLE_TESTABILITY = YES;
				GCC_C_LANGUAGE_STANDARD = gnu11;
				GCC_DYNAMIC_NO_PIC = NO;
				GCC_NO_COMMON_BLOCKS = YES;
				GCC_OPTIMIZATION_LEVEL = 0;
				GCC_PREPROCESSOR_DEFINITIONS = (
					"DEBUG=1",
					"$(inherited)",
				);
				GCC_WARN_64_TO_32_BIT_CONVERSION = YES;
				GCC_WARN_ABOUT_RETURN_TYPE = YES_ERROR;
				GCC_WARN_UNDECLARED_SELECTOR = YES;
				GCC_WARN_UNINITIALIZED_AUTOS = YES_AGGRESSIVE;
				GCC_WARN_UNUSED_FUNCTION = YES;
				GCC_WARN_UNUSED_VARIABLE = YES;
				IPHONEOS_DEPLOYMENT_TARGET = 14.5;
				MTL_ENABLE_DEBUG_INFO = INCLUDE_SOURCE;
				MTL_FAST_MATH = YES;
				ONLY_ACTIVE_ARCH = YES;
				SDKROOT = iphoneos;
				SWIFT_ACTIVE_COMPILATION_CONDITIONS = DEBUG;
				SWIFT_OPTIMIZATION_LEVEL = "-Onone";
			};
			name = Debug;
		};
		AF29764C270FAE53001BF681 /* Release */ = {
			isa = XCBuildConfiguration;
			buildSettings = {
				ALWAYS_SEARCH_USER_PATHS = NO;
				CLANG_ANALYZER_NONNULL = YES;
				CLANG_ANALYZER_NUMBER_OBJECT_CONVERSION = YES_AGGRESSIVE;
				CLANG_CXX_LANGUAGE_STANDARD = "gnu++14";
				CLANG_CXX_LIBRARY = "libc++";
				CLANG_ENABLE_MODULES = YES;
				CLANG_ENABLE_OBJC_ARC = YES;
				CLANG_ENABLE_OBJC_WEAK = YES;
				CLANG_WARN_BLOCK_CAPTURE_AUTORELEASING = YES;
				CLANG_WARN_BOOL_CONVERSION = YES;
				CLANG_WARN_COMMA = YES;
				CLANG_WARN_CONSTANT_CONVERSION = YES;
				CLANG_WARN_DEPRECATED_OBJC_IMPLEMENTATIONS = YES;
				CLANG_WARN_DIRECT_OBJC_ISA_USAGE = YES_ERROR;
				CLANG_WARN_DOCUMENTATION_COMMENTS = YES;
				CLANG_WARN_EMPTY_BODY = YES;
				CLANG_WARN_ENUM_CONVERSION = YES;
				CLANG_WARN_INFINITE_RECURSION = YES;
				CLANG_WARN_INT_CONVERSION = YES;
				CLANG_WARN_NON_LITERAL_NULL_CONVERSION = YES;
				CLANG_WARN_OBJC_IMPLICIT_RETAIN_SELF = YES;
				CLANG_WARN_OBJC_LITERAL_CONVERSION = YES;
				CLANG_WARN_OBJC_ROOT_CLASS = YES_ERROR;
				CLANG_WARN_QUOTED_INCLUDE_IN_FRAMEWORK_HEADER = YES;
				CLANG_WARN_RANGE_LOOP_ANALYSIS = YES;
				CLANG_WARN_STRICT_PROTOTYPES = YES;
				CLANG_WARN_SUSPICIOUS_MOVE = YES;
				CLANG_WARN_UNGUARDED_AVAILABILITY = YES_AGGRESSIVE;
				CLANG_WARN_UNREACHABLE_CODE = YES;
				CLANG_WARN__DUPLICATE_METHOD_MATCH = YES;
				COPY_PHASE_STRIP = NO;
				DEBUG_INFORMATION_FORMAT = "dwarf-with-dsym";
				ENABLE_NS_ASSERTIONS = NO;
				ENABLE_STRICT_OBJC_MSGSEND = YES;
				GCC_C_LANGUAGE_STANDARD = gnu11;
				GCC_NO_COMMON_BLOCKS = YES;
				GCC_WARN_64_TO_32_BIT_CONVERSION = YES;
				GCC_WARN_ABOUT_RETURN_TYPE = YES_ERROR;
				GCC_WARN_UNDECLARED_SELECTOR = YES;
				GCC_WARN_UNINITIALIZED_AUTOS = YES_AGGRESSIVE;
				GCC_WARN_UNUSED_FUNCTION = YES;
				GCC_WARN_UNUSED_VARIABLE = YES;
				IPHONEOS_DEPLOYMENT_TARGET = 14.5;
				MTL_ENABLE_DEBUG_INFO = NO;
				MTL_FAST_MATH = YES;
				SDKROOT = iphoneos;
				SWIFT_COMPILATION_MODE = wholemodule;
				SWIFT_OPTIMIZATION_LEVEL = "-O";
				VALIDATE_PRODUCT = YES;
			};
			name = Release;
		};
		AF29764E270FAE53001BF681 /* Debug */ = {
			isa = XCBuildConfiguration;
			buildSettings = {
				ASSETCATALOG_COMPILER_APPICON_NAME = AppIcon;
				ASSETCATALOG_COMPILER_GLOBAL_ACCENT_COLOR_NAME = AccentColor;
				CODE_SIGN_STYLE = Automatic;
				INFOPLIST_FILE = MemeMe2/Info.plist;
				LD_RUNPATH_SEARCH_PATHS = (
					"$(inherited)",
					"@executable_path/Frameworks",
				);
				PRODUCT_BUNDLE_IDENTIFIER = com.Udacity.MemeMe2;
				PRODUCT_NAME = "$(TARGET_NAME)";
				SWIFT_VERSION = 5.0;
				TARGETED_DEVICE_FAMILY = "1,2";
			};
			name = Debug;
		};
		AF29764F270FAE53001BF681 /* Release */ = {
			isa = XCBuildConfiguration;
			buildSettings = {
				ASSETCATALOG_COMPILER_APPICON_NAME = AppIcon;
				ASSETCATALOG_COMPILER_GLOBAL_ACCENT_COLOR_NAME = AccentColor;
				CODE_SIGN_STYLE = Automatic;
				INFOPLIST_FILE = MemeMe2/Info.plist;
				LD_RUNPATH_SEARCH_PATHS = (
					"$(inherited)",
					"@executable_path/Frameworks",
				);
				PRODUCT_BUNDLE_IDENTIFIER = com.Udacity.MemeMe2;
				PRODUCT_NAME = "$(TARGET_NAME)";
				SWIFT_VERSION = 5.0;
				TARGETED_DEVICE_FAMILY = "1,2";
			};
			name = Release;
		};
/* End XCBuildConfiguration section */

/* Begin XCConfigurationList section */
		AF297634270FAE48001BF681 /* Build configuration list for PBXProject "MemeMe2" */ = {
			isa = XCConfigurationList;
			buildConfigurations = (
				AF29764B270FAE53001BF681 /* Debug */,
				AF29764C270FAE53001BF681 /* Release */,
			);
			defaultConfigurationIsVisible = 0;
			defaultConfigurationName = Release;
		};
		AF29764D270FAE53001BF681 /* Build configuration list for PBXNativeTarget "MemeMe2" */ = {
			isa = XCConfigurationList;
			buildConfigurations = (
				AF29764E270FAE53001BF681 /* Debug */,
				AF29764F270FAE53001BF681 /* Release */,
			);
			defaultConfigurationIsVisible = 0;
			defaultConfigurationName = Release;
		};
/* End XCConfigurationList section */
	};
	rootObject = AF297631270FAE48001BF681 /* Project object */;
}
